// !$*UTF8*$!
{
	archiveVersion = 1;
	classes = {
	};
	objectVersion = 46;
	objects = {

/* Begin PBXBuildFile section */
		81E49EAF1C41E0D80064D8A5 /* AppDelegate.swift in Sources */ = {isa = PBXBuildFile; fileRef = 81E49EAE1C41E0D80064D8A5 /* AppDelegate.swift */; };
		81E49EB11C41E0D80064D8A5 /* ViewController.swift in Sources */ = {isa = PBXBuildFile; fileRef = 81E49EB01C41E0D80064D8A5 /* ViewController.swift */; };
		81E49EB41C41E0D80064D8A5 /* Main.storyboard in Resources */ = {isa = PBXBuildFile; fileRef = 81E49EB21C41E0D80064D8A5 /* Main.storyboard */; };
		81E49EB71C41E0D80064D8A5 /* AppTest.xcdatamodeld in Sources */ = {isa = PBXBuildFile; fileRef = 81E49EB51C41E0D80064D8A5 /* AppTest.xcdatamodeld */; };
		81E49EB91C41E0D80064D8A5 /* Assets.xcassets in Resources */ = {isa = PBXBuildFile; fileRef = 81E49EB81C41E0D80064D8A5 /* Assets.xcassets */; };
		81E49EBC1C41E0D80064D8A5 /* LaunchScreen.storyboard in Resources */ = {isa = PBXBuildFile; fileRef = 81E49EBA1C41E0D80064D8A5 /* LaunchScreen.storyboard */; };
		81E49EC41C41E58E0064D8A5 /* GoogleService-Info.plist in Resources */ = {isa = PBXBuildFile; fileRef = 81E49EC31C41E58E0064D8A5 /* GoogleService-Info.plist */; };
		ECE417F840D9D40488BD2ACA /* libPods.a in Frameworks */ = {isa = PBXBuildFile; fileRef = 56E89A9987A974090E9C668B /* libPods.a */; };
/* End PBXBuildFile section */

/* Begin PBXFileReference section */
		1F4DA542C3532DADE6033BBA /* Pods.debug.xcconfig */ = {isa = PBXFileReference; includeInIndex = 1; lastKnownFileType = text.xcconfig; name = Pods.debug.xcconfig; path = "Pods/Target Support Files/Pods/Pods.debug.xcconfig"; sourceTree = "<group>"; };
		56E89A9987A974090E9C668B /* libPods.a */ = {isa = PBXFileReference; explicitFileType = archive.ar; includeInIndex = 0; path = libPods.a; sourceTree = BUILT_PRODUCTS_DIR; };
		81E49EAB1C41E0D80064D8A5 /* AppTest.app */ = {isa = PBXFileReference; explicitFileType = wrapper.application; includeInIndex = 0; path = AppTest.app; sourceTree = BUILT_PRODUCTS_DIR; };
		81E49EAE1C41E0D80064D8A5 /* AppDelegate.swift */ = {isa = PBXFileReference; lastKnownFileType = sourcecode.swift; path = AppDelegate.swift; sourceTree = "<group>"; };
		81E49EB01C41E0D80064D8A5 /* ViewController.swift */ = {isa = PBXFileReference; lastKnownFileType = sourcecode.swift; path = ViewController.swift; sourceTree = "<group>"; };
		81E49EB31C41E0D80064D8A5 /* Base */ = {isa = PBXFileReference; lastKnownFileType = file.storyboard; name = Base; path = Base.lproj/Main.storyboard; sourceTree = "<group>"; };
		81E49EB61C41E0D80064D8A5 /* AppTest.xcdatamodel */ = {isa = PBXFileReference; lastKnownFileType = wrapper.xcdatamodel; path = AppTest.xcdatamodel; sourceTree = "<group>"; };
		81E49EB81C41E0D80064D8A5 /* Assets.xcassets */ = {isa = PBXFileReference; lastKnownFileType = folder.assetcatalog; path = Assets.xcassets; sourceTree = "<group>"; };
		81E49EBB1C41E0D80064D8A5 /* Base */ = {isa = PBXFileReference; lastKnownFileType = file.storyboard; name = Base; path = Base.lproj/LaunchScreen.storyboard; sourceTree = "<group>"; };
		81E49EBD1C41E0D80064D8A5 /* Info.plist */ = {isa = PBXFileReference; lastKnownFileType = text.plist.xml; path = Info.plist; sourceTree = "<group>"; };
		81E49EC31C41E58E0064D8A5 /* GoogleService-Info.plist */ = {isa = PBXFileReference; fileEncoding = 4; lastKnownFileType = text.plist.xml; path = "GoogleService-Info.plist"; sourceTree = "<group>"; };
		81E49EC51C41E7350064D8A5 /* AppTest-Bridging-Header.h */ = {isa = PBXFileReference; lastKnownFileType = sourcecode.c.h; path = "AppTest-Bridging-Header.h"; sourceTree = "<group>"; };
		DDDC0111DD37114F081AA297 /* Pods.release.xcconfig */ = {isa = PBXFileReference; includeInIndex = 1; lastKnownFileType = text.xcconfig; name = Pods.release.xcconfig; path = "Pods/Target Support Files/Pods/Pods.release.xcconfig"; sourceTree = "<group>"; };
/* End PBXFileReference section */

/* Begin PBXFrameworksBuildPhase section */
		81E49EA81C41E0D80064D8A5 /* Frameworks */ = {
			isa = PBXFrameworksBuildPhase;
			buildActionMask = 2147483647;
			files = (
				ECE417F840D9D40488BD2ACA /* libPods.a in Frameworks */,
			);
			runOnlyForDeploymentPostprocessing = 0;
		};
/* End PBXFrameworksBuildPhase section */

/* Begin PBXGroup section */
		4A99705C2313B43394B5C150 /* Pods */ = {
			isa = PBXGroup;
			children = (
				1F4DA542C3532DADE6033BBA /* Pods.debug.xcconfig */,
				DDDC0111DD37114F081AA297 /* Pods.release.xcconfig */,
			);
			name = Pods;
			sourceTree = "<group>";
		};
		81E49EA21C41E0D80064D8A5 = {
			isa = PBXGroup;
			children = (
				81E49EAD1C41E0D80064D8A5 /* AppTest */,
				81E49EAC1C41E0D80064D8A5 /* Products */,
				4A99705C2313B43394B5C150 /* Pods */,
				8F76297B86BCF04DE2AE7FCF /* Frameworks */,
			);
			sourceTree = "<group>";
		};
		81E49EAC1C41E0D80064D8A5 /* Products */ = {
			isa = PBXGroup;
			children = (
				81E49EAB1C41E0D80064D8A5 /* AppTest.app */,
			);
			name = Products;
			sourceTree = "<group>";
		};
		81E49EAD1C41E0D80064D8A5 /* AppTest */ = {
			isa = PBXGroup;
			children = (
				81E49EAE1C41E0D80064D8A5 /* AppDelegate.swift */,
				81E49EB01C41E0D80064D8A5 /* ViewController.swift */,
				81E49EB21C41E0D80064D8A5 /* Main.storyboard */,
				81E49EB81C41E0D80064D8A5 /* Assets.xcassets */,
				81E49EBA1C41E0D80064D8A5 /* LaunchScreen.storyboard */,
				81E49EBD1C41E0D80064D8A5 /* Info.plist */,
				81E49EC31C41E58E0064D8A5 /* GoogleService-Info.plist */,
				81E49EB51C41E0D80064D8A5 /* AppTest.xcdatamodeld */,
				81E49EC51C41E7350064D8A5 /* AppTest-Bridging-Header.h */,
			);
			path = AppTest;
			sourceTree = "<group>";
		};
		8F76297B86BCF04DE2AE7FCF /* Frameworks */ = {
			isa = PBXGroup;
			children = (
				56E89A9987A974090E9C668B /* libPods.a */,
			);
			name = Frameworks;
			sourceTree = "<group>";
		};
/* End PBXGroup section */

/* Begin PBXNativeTarget section */
		81E49EAA1C41E0D80064D8A5 /* AppTest */ = {
			isa = PBXNativeTarget;
			buildConfigurationList = 81E49EC01C41E0D80064D8A5 /* Build configuration list for PBXNativeTarget "AppTest" */;
			buildPhases = (
				6D0F2794C6BA20F93D0F00F0 /* Check Pods Manifest.lock */,
				81E49EA71C41E0D80064D8A5 /* Sources */,
				81E49EA81C41E0D80064D8A5 /* Frameworks */,
				81E49EA91C41E0D80064D8A5 /* Resources */,
				42AA8501DA1A9223BF698258 /* Embed Pods Frameworks */,
				2CF684AF79A42759DCA471DC /* Copy Pods Resources */,
			);
			buildRules = (
			);
			dependencies = (
			);
			name = AppTest;
			productName = AppTest;
			productReference = 81E49EAB1C41E0D80064D8A5 /* AppTest.app */;
			productType = "com.apple.product-type.application";
		};
/* End PBXNativeTarget section */

/* Begin PBXProject section */
		81E49EA31C41E0D80064D8A5 /* Project object */ = {
			isa = PBXProject;
			attributes = {
				LastSwiftUpdateCheck = 0720;
				LastUpgradeCheck = 0720;
				ORGANIZATIONNAME = Trenx;
				TargetAttributes = {
					81E49EAA1C41E0D80064D8A5 = {
						CreatedOnToolsVersion = 7.2;
						DevelopmentTeam = NUT7SFZWGF;
					};
				};
			};
			buildConfigurationList = 81E49EA61C41E0D80064D8A5 /* Build configuration list for PBXProject "AppTest" */;
			compatibilityVersion = "Xcode 3.2";
			developmentRegion = English;
			hasScannedForEncodings = 0;
			knownRegions = (
				en,
				Base,
			);
			mainGroup = 81E49EA21C41E0D80064D8A5;
			productRefGroup = 81E49EAC1C41E0D80064D8A5 /* Products */;
			projectDirPath = "";
			projectRoot = "";
			targets = (
				81E49EAA1C41E0D80064D8A5 /* AppTest */,
			);
		};
/* End PBXProject section */

/* Begin PBXResourcesBuildPhase section */
		81E49EA91C41E0D80064D8A5 /* Resources */ = {
			isa = PBXResourcesBuildPhase;
			buildActionMask = 2147483647;
			files = (
				81E49EBC1C41E0D80064D8A5 /* LaunchScreen.storyboard in Resources */,
				81E49EC41C41E58E0064D8A5 /* GoogleService-Info.plist in Resources */,
				81E49EB91C41E0D80064D8A5 /* Assets.xcassets in Resources */,
				81E49EB41C41E0D80064D8A5 /* Main.storyboard in Resources */,
			);
			runOnlyForDeploymentPostprocessing = 0;
		};
/* End PBXResourcesBuildPhase section */

/* Begin PBXShellScriptBuildPhase section */
		2CF684AF79A42759DCA471DC /* Copy Pods Resources */ = {
			isa = PBXShellScriptBuildPhase;
			buildActionMask = 2147483647;
			files = (
			);
			inputPaths = (
			);
			name = "Copy Pods Resources";
			outputPaths = (
			);
			runOnlyForDeploymentPostprocessing = 0;
			shellPath = /bin/sh;
			shellScript = "\"${SRCROOT}/Pods/Target Support Files/Pods/Pods-resources.sh\"\n";
			showEnvVarsInLog = 0;
		};
		42AA8501DA1A9223BF698258 /* Embed Pods Frameworks */ = {
			isa = PBXShellScriptBuildPhase;
			buildActionMask = 2147483647;
			files = (
			);
			inputPaths = (
			);
			name = "Embed Pods Frameworks";
			outputPaths = (
			);
			runOnlyForDeploymentPostprocessing = 0;
			shellPath = /bin/sh;
			shellScript = "\"${SRCROOT}/Pods/Target Support Files/Pods/Pods-frameworks.sh\"\n";
			showEnvVarsInLog = 0;
		};
		6D0F2794C6BA20F93D0F00F0 /* Check Pods Manifest.lock */ = {
			isa = PBXShellScriptBuildPhase;
			buildActionMask = 2147483647;
			files = (
			);
			inputPaths = (
			);
			name = "Check Pods Manifest.lock";
			outputPaths = (
			);
			runOnlyForDeploymentPostprocessing = 0;
			shellPath = /bin/sh;
			shellScript = "diff \"${PODS_ROOT}/../Podfile.lock\" \"${PODS_ROOT}/Manifest.lock\" > /dev/null\nif [[ $? != 0 ]] ; then\n    cat << EOM\nerror: The sandbox is not in sync with the Podfile.lock. Run 'pod install' or update your CocoaPods installation.\nEOM\n    exit 1\nfi\n";
			showEnvVarsInLog = 0;
		};
/* End PBXShellScriptBuildPhase section */

/* Begin PBXSourcesBuildPhase section */
		81E49EA71C41E0D80064D8A5 /* Sources */ = {
			isa = PBXSourcesBuildPhase;
			buildActionMask = 2147483647;
			files = (
				81E49EB71C41E0D80064D8A5 /* AppTest.xcdatamodeld in Sources */,
				81E49EB11C41E0D80064D8A5 /* ViewController.swift in Sources */,
				81E49EAF1C41E0D80064D8A5 /* AppDelegate.swift in Sources */,
			);
			runOnlyForDeploymentPostprocessing = 0;
		};
/* End PBXSourcesBuildPhase section */

/* Begin PBXVariantGroup section */
		81E49EB21C41E0D80064D8A5 /* Main.storyboard */ = {
			isa = PBXVariantGroup;
			children = (
				81E49EB31C41E0D80064D8A5 /* Base */,
			);
			name = Main.storyboard;
			sourceTree = "<group>";
		};
		81E49EBA1C41E0D80064D8A5 /* LaunchScreen.storyboard */ = {
			isa = PBXVariantGroup;
			children = (
				81E49EBB1C41E0D80064D8A5 /* Base */,
			);
			name = LaunchScreen.storyboard;
			sourceTree = "<group>";
		};
/* End PBXVariantGroup section */

/* Begin XCBuildConfiguration section */
		81E49EBE1C41E0D80064D8A5 /* Debug */ = {
			isa = XCBuildConfiguration;
			buildSettings = {
				ALWAYS_SEARCH_USER_PATHS = NO;
				CLANG_CXX_LANGUAGE_STANDARD = "gnu++0x";
				CLANG_CXX_LIBRARY = "libc++";
				CLANG_ENABLE_MODULES = YES;
				CLANG_ENABLE_OBJC_ARC = YES;
				CLANG_WARN_BOOL_CONVERSION = YES;
				CLANG_WARN_CONSTANT_CONVERSION = YES;
				CLANG_WARN_DIRECT_OBJC_ISA_USAGE = YES_ERROR;
				CLANG_WARN_EMPTY_BODY = YES;
				CLANG_WARN_ENUM_CONVERSION = YES;
				CLANG_WARN_INT_CONVERSION = YES;
				CLANG_WARN_OBJC_ROOT_CLASS = YES_ERROR;
				CLANG_WARN_UNREACHABLE_CODE = YES;
				CLANG_WARN__DUPLICATE_METHOD_MATCH = YES;
				"CODE_SIGN_IDENTITY[sdk=iphoneos*]" = "iPhone Developer";
				COPY_PHASE_STRIP = NO;
				DEBUG_INFORMATION_FORMAT = dwarf;
				ENABLE_STRICT_OBJC_MSGSEND = YES;
				ENABLE_TESTABILITY = YES;
				GCC_C_LANGUAGE_STANDARD = gnu99;
				GCC_DYNAMIC_NO_PIC = NO;
				GCC_NO_COMMON_BLOCKS = YES;
				GCC_OPTIMIZATION_LEVEL = 0;
				GCC_PREPROCESSOR_DEFINITIONS = (
					"DEBUG=1",
					"$(inherited)",
				);
				GCC_WARN_64_TO_32_BIT_CONVERSION = YES;
				GCC_WARN_ABOUT_RETURN_TYPE = YES_ERROR;
				GCC_WARN_UNDECLARED_SELECTOR = YES;
				GCC_WARN_UNINITIALIZED_AUTOS = YES_AGGRESSIVE;
				GCC_WARN_UNUSED_FUNCTION = YES;
				GCC_WARN_UNUSED_VARIABLE = YES;
				IPHONEOS_DEPLOYMENT_TARGET = 9.2;
				MTL_ENABLE_DEBUG_INFO = YES;
				ONLY_ACTIVE_ARCH = YES;
				SDKROOT = iphoneos;
				SWIFT_OPTIMIZATION_LEVEL = "-Onone";
				TARGETED_DEVICE_FAMILY = "1,2";
			};
			name = Debug;
		};
		81E49EBF1C41E0D80064D8A5 /* Release */ = {
			isa = XCBuildConfiguration;
			buildSettings = {
				ALWAYS_SEARCH_USER_PATHS = NO;
				CLANG_CXX_LANGUAGE_STANDARD = "gnu++0x";
				CLANG_CXX_LIBRARY = "libc++";
				CLANG_ENABLE_MODULES = YES;
				CLANG_ENABLE_OBJC_ARC = YES;
				CLANG_WARN_BOOL_CONVERSION = YES;
				CLANG_WARN_CONSTANT_CONVERSION = YES;
				CLANG_WARN_DIRECT_OBJC_ISA_USAGE = YES_ERROR;
				CLANG_WARN_EMPTY_BODY = YES;
				CLANG_WARN_ENUM_CONVERSION = YES;
				CLANG_WARN_INT_CONVERSION = YES;
				CLANG_WARN_OBJC_ROOT_CLASS = YES_ERROR;
				CLANG_WARN_UNREACHABLE_CODE = YES;
				CLANG_WARN__DUPLICATE_METHOD_MATCH = YES;
				"CODE_SIGN_IDENTITY[sdk=iphoneos*]" = "iPhone Developer";
				COPY_PHASE_STRIP = NO;
				DEBUG_INFORMATION_FORMAT = "dwarf-with-dsym";
				ENABLE_NS_ASSERTIONS = NO;
				ENABLE_STRICT_OBJC_MSGSEND = YES;
				GCC_C_LANGUAGE_STANDARD = gnu99;
				GCC_NO_COMMON_BLOCKS = YES;
				GCC_WARN_64_TO_32_BIT_CONVERSION = YES;
				GCC_WARN_ABOUT_RETURN_TYPE = YES_ERROR;
				GCC_WARN_UNDECLARED_SELECTOR = YES;
				GCC_WARN_UNINITIALIZED_AUTOS = YES_AGGRESSIVE;
				GCC_WARN_UNUSED_FUNCTION = YES;
				GCC_WARN_UNUSED_VARIABLE = YES;
				IPHONEOS_DEPLOYMENT_TARGET = 9.2;
				MTL_ENABLE_DEBUG_INFO = NO;
				SDKROOT = iphoneos;
				TARGETED_DEVICE_FAMILY = "1,2";
				VALIDATE_PRODUCT = YES;
			};
			name = Release;
		};
		81E49EC11C41E0D80064D8A5 /* Debug */ = {
			isa = XCBuildConfiguration;
			baseConfigurationReference = 1F4DA542C3532DADE6033BBA /* Pods.debug.xcconfig */;
			buildSettings = {
				ASSETCATALOG_COMPILER_APPICON_NAME = AppIcon;
				CLANG_ENABLE_MODULES = YES;
				INFOPLIST_FILE = AppTest/Info.plist;
				LD_RUNPATH_SEARCH_PATHS = "$(inherited) @executable_path/Frameworks";
				PRODUCT_BUNDLE_IDENTIFIER = com.Trenx.AppTest;
				PRODUCT_NAME = "$(TARGET_NAME)";
				SWIFT_OBJC_BRIDGING_HEADER = "AppTest/AppTest-Bridging-Header.h";
				SWIFT_OPTIMIZATION_LEVEL = "-Onone";
			};
			name = Debug;
		};
		81E49EC21C41E0D80064D8A5 /* Release */ = {
			isa = XCBuildConfiguration;
			baseConfigurationReference = DDDC0111DD37114F081AA297 /* Pods.release.xcconfig */;
			buildSettings = {
				ASSETCATALOG_COMPILER_APPICON_NAME = AppIcon;
				CLANG_ENABLE_MODULES = YES;
				INFOPLIST_FILE = AppTest/Info.plist;
				LD_RUNPATH_SEARCH_PATHS = "$(inherited) @executable_path/Frameworks";
				PRODUCT_BUNDLE_IDENTIFIER = com.Trenx.AppTest;
				PRODUCT_NAME = "$(TARGET_NAME)";
				SWIFT_OBJC_BRIDGING_HEADER = "AppTest/AppTest-Bridging-Header.h";
			};
			name = Release;
		};
/* End XCBuildConfiguration section */

/* Begin XCConfigurationList section */
		81E49EA61C41E0D80064D8A5 /* Build configuration list for PBXProject "AppTest" */ = {
			isa = XCConfigurationList;
			buildConfigurations = (
				81E49EBE1C41E0D80064D8A5 /* Debug */,
				81E49EBF1C41E0D80064D8A5 /* Release */,
			);
			defaultConfigurationIsVisible = 0;
			defaultConfigurationName = Release;
		};
		81E49EC01C41E0D80064D8A5 /* Build configuration list for PBXNativeTarget "AppTest" */ = {
			isa = XCConfigurationList;
			buildConfigurations = (
				81E49EC11C41E0D80064D8A5 /* Debug */,
				81E49EC21C41E0D80064D8A5 /* Release */,
			);
			defaultConfigurationIsVisible = 0;
			defaultConfigurationName = Release;
		};
/* End XCConfigurationList section */

/* Begin XCVersionGroup section */
		81E49EB51C41E0D80064D8A5 /* AppTest.xcdatamodeld */ = {
			isa = XCVersionGroup;
			children = (
				81E49EB61C41E0D80064D8A5 /* AppTest.xcdatamodel */,
			);
			currentVersion = 81E49EB61C41E0D80064D8A5 /* AppTest.xcdatamodel */;
			path = AppTest.xcdatamodeld;
			sourceTree = "<group>";
			versionGroupType = wrapper.xcdatamodel;
		};
/* End XCVersionGroup section */
	};
	rootObject = 81E49EA31C41E0D80064D8A5 /* Project object */;
}
